// !$*UTF8*$!
{
	archiveVersion = 1;
	classes = {
	};
	objectVersion = 46;
	objects = {

/* Begin PBXBuildFile section */
		08E149CC1C7DE376001F2304 /* main.m in Sources */ = {isa = PBXBuildFile; fileRef = 08E149CB1C7DE376001F2304 /* main.m */; };
		08E149CF1C7DE376001F2304 /* AppDelegate.m in Sources */ = {isa = PBXBuildFile; fileRef = 08E149CE1C7DE376001F2304 /* AppDelegate.m */; };
		08E149D21C7DE376001F2304 /* ViewController.m in Sources */ = {isa = PBXBuildFile; fileRef = 08E149D11C7DE376001F2304 /* ViewController.m */; };
		08E149D51C7DE376001F2304 /* Main.storyboard in Resources */ = {isa = PBXBuildFile; fileRef = 08E149D31C7DE376001F2304 /* Main.storyboard */; };
		08E149D71C7DE376001F2304 /* Assets.xcassets in Resources */ = {isa = PBXBuildFile; fileRef = 08E149D61C7DE376001F2304 /* Assets.xcassets */; };
		08E149DA1C7DE376001F2304 /* LaunchScreen.storyboard in Resources */ = {isa = PBXBuildFile; fileRef = 08E149D81C7DE376001F2304 /* LaunchScreen.storyboard */; };
		08E149E51C7DE376001F2304 /* JWImageBrowseDemoTests.m in Sources */ = {isa = PBXBuildFile; fileRef = 08E149E41C7DE376001F2304 /* JWImageBrowseDemoTests.m */; };
		08E149F01C7DE376001F2304 /* JWImageBrowseDemoUITests.m in Sources */ = {isa = PBXBuildFile; fileRef = 08E149EF1C7DE376001F2304 /* JWImageBrowseDemoUITests.m */; };
		08E149FF1C7DE3B7001F2304 /* JWCollectionViewFlowLayout.m in Sources */ = {isa = PBXBuildFile; fileRef = 08E149FE1C7DE3B7001F2304 /* JWCollectionViewFlowLayout.m */; };
		08E14A0F1C7DE6F5001F2304 /* 1.jpg in Resources */ = {isa = PBXBuildFile; fileRef = 08E14A011C7DE6F5001F2304 /* 1.jpg */; };
		08E14A101C7DE6F5001F2304 /* 2.jpg in Resources */ = {isa = PBXBuildFile; fileRef = 08E14A021C7DE6F5001F2304 /* 2.jpg */; };
		08E14A111C7DE6F5001F2304 /* 3.jpg in Resources */ = {isa = PBXBuildFile; fileRef = 08E14A031C7DE6F5001F2304 /* 3.jpg */; };
		08E14A121C7DE6F5001F2304 /* 4.jpg in Resources */ = {isa = PBXBuildFile; fileRef = 08E14A041C7DE6F5001F2304 /* 4.jpg */; };
		08E14A131C7DE6F5001F2304 /* 5.jpg in Resources */ = {isa = PBXBuildFile; fileRef = 08E14A051C7DE6F5001F2304 /* 5.jpg */; };
		08E14A141C7DE6F5001F2304 /* 6.jpg in Resources */ = {isa = PBXBuildFile; fileRef = 08E14A061C7DE6F5001F2304 /* 6.jpg */; };
		08E14A151C7DE6F5001F2304 /* 7.jpg in Resources */ = {isa = PBXBuildFile; fileRef = 08E14A071C7DE6F5001F2304 /* 7.jpg */; };
		08E14A161C7DE6F5001F2304 /* 8.jpg in Resources */ = {isa = PBXBuildFile; fileRef = 08E14A081C7DE6F5001F2304 /* 8.jpg */; };
		08E14A171C7DE6F5001F2304 /* 9.jpg in Resources */ = {isa = PBXBuildFile; fileRef = 08E14A091C7DE6F5001F2304 /* 9.jpg */; };
		08E14A181C7DE6F5001F2304 /* 10.jpg in Resources */ = {isa = PBXBuildFile; fileRef = 08E14A0A1C7DE6F5001F2304 /* 10.jpg */; };
		08E14A191C7DE6F5001F2304 /* 11.jpg in Resources */ = {isa = PBXBuildFile; fileRef = 08E14A0B1C7DE6F5001F2304 /* 11.jpg */; };
		08E14A1A1C7DE6F5001F2304 /* 12.jpg in Resources */ = {isa = PBXBuildFile; fileRef = 08E14A0C1C7DE6F5001F2304 /* 12.jpg */; };
		08E14A1B1C7DE6F5001F2304 /* 13.jpg in Resources */ = {isa = PBXBuildFile; fileRef = 08E14A0D1C7DE6F5001F2304 /* 13.jpg */; };
		08E14A1C1C7DE6F5001F2304 /* 14.jpg in Resources */ = {isa = PBXBuildFile; fileRef = 08E14A0E1C7DE6F5001F2304 /* 14.jpg */; };
		08E14A201C7DE75D001F2304 /* CustumCollectionViewCell.m in Sources */ = {isa = PBXBuildFile; fileRef = 08E14A1E1C7DE75D001F2304 /* CustumCollectionViewCell.m */; };
		08E14A211C7DE75D001F2304 /* CustumCollectionViewCell.xib in Resources */ = {isa = PBXBuildFile; fileRef = 08E14A1F1C7DE75D001F2304 /* CustumCollectionViewCell.xib */; };
/* End PBXBuildFile section */

/* Begin PBXContainerItemProxy section */
		08E149E11C7DE376001F2304 /* PBXContainerItemProxy */ = {
			isa = PBXContainerItemProxy;
			containerPortal = 08E149BF1C7DE376001F2304 /* Project object */;
			proxyType = 1;
			remoteGlobalIDString = 08E149C61C7DE376001F2304;
			remoteInfo = JWImageBrowseDemo;
		};
		08E149EC1C7DE376001F2304 /* PBXContainerItemProxy */ = {
			isa = PBXContainerItemProxy;
			containerPortal = 08E149BF1C7DE376001F2304 /* Project object */;
			proxyType = 1;
			remoteGlobalIDString = 08E149C61C7DE376001F2304;
			remoteInfo = JWImageBrowseDemo;
		};
/* End PBXContainerItemProxy section */

/* Begin PBXFileReference section */
		08E149C71C7DE376001F2304 /* JWImageBrowseDemo.app */ = {isa = PBXFileReference; explicitFileType = wrapper.application; includeInIndex = 0; path = JWImageBrowseDemo.app; sourceTree = BUILT_PRODUCTS_DIR; };
		08E149CB1C7DE376001F2304 /* main.m */ = {isa = PBXFileReference; lastKnownFileType = sourcecode.c.objc; path = main.m; sourceTree = "<group>"; };
		08E149CD1C7DE376001F2304 /* AppDelegate.h */ = {isa = PBXFileReference; lastKnownFileType = sourcecode.c.h; path = AppDelegate.h; sourceTree = "<group>"; };
		08E149CE1C7DE376001F2304 /* AppDelegate.m */ = {isa = PBXFileReference; lastKnownFileType = sourcecode.c.objc; path = AppDelegate.m; sourceTree = "<group>"; };
		08E149D01C7DE376001F2304 /* ViewController.h */ = {isa = PBXFileReference; lastKnownFileType = sourcecode.c.h; path = ViewController.h; sourceTree = "<group>"; };
		08E149D11C7DE376001F2304 /* ViewController.m */ = {isa = PBXFileReference; lastKnownFileType = sourcecode.c.objc; path = ViewController.m; sourceTree = "<group>"; };
		08E149D41C7DE376001F2304 /* Base */ = {isa = PBXFileReference; lastKnownFileType = file.storyboard; name = Base; path = Base.lproj/Main.storyboard; sourceTree = "<group>"; };
		08E149D61C7DE376001F2304 /* Assets.xcassets */ = {isa = PBXFileReference; lastKnownFileType = folder.assetcatalog; path = Assets.xcassets; sourceTree = "<group>"; };
		08E149D91C7DE376001F2304 /* Base */ = {isa = PBXFileReference; lastKnownFileType = file.storyboard; name = Base; path = Base.lproj/LaunchScreen.storyboard; sourceTree = "<group>"; };
		08E149DB1C7DE376001F2304 /* Info.plist */ = {isa = PBXFileReference; lastKnownFileType = text.plist.xml; path = Info.plist; sourceTree = "<group>"; };
		08E149E01C7DE376001F2304 /* JWImageBrowseDemoTests.xctest */ = {isa = PBXFileReference; explicitFileType = wrapper.cfbundle; includeInIndex = 0; path = JWImageBrowseDemoTests.xctest; sourceTree = BUILT_PRODUCTS_DIR; };
		08E149E41C7DE376001F2304 /* JWImageBrowseDemoTests.m */ = {isa = PBXFileReference; lastKnownFileType = sourcecode.c.objc; path = JWImageBrowseDemoTests.m; sourceTree = "<group>"; };
		08E149E61C7DE376001F2304 /* Info.plist */ = {isa = PBXFileReference; lastKnownFileType = text.plist.xml; path = Info.plist; sourceTree = "<group>"; };
		08E149EB1C7DE376001F2304 /* JWImageBrowseDemoUITests.xctest */ = {isa = PBXFileReference; explicitFileType = wrapper.cfbundle; includeInIndex = 0; path = JWImageBrowseDemoUITests.xctest; sourceTree = BUILT_PRODUCTS_DIR; };
		08E149EF1C7DE376001F2304 /* JWImageBrowseDemoUITests.m */ = {isa = PBXFileReference; lastKnownFileType = sourcecode.c.objc; path = JWImageBrowseDemoUITests.m; sourceTree = "<group>"; };
		08E149F11C7DE376001F2304 /* Info.plist */ = {isa = PBXFileReference; lastKnownFileType = text.plist.xml; path = Info.plist; sourceTree = "<group>"; };
		08E149FD1C7DE3B7001F2304 /* JWCollectionViewFlowLayout.h */ = {isa = PBXFileReference; fileEncoding = 4; lastKnownFileType = sourcecode.c.h; path = JWCollectionViewFlowLayout.h; sourceTree = "<group>"; };
		08E149FE1C7DE3B7001F2304 /* JWCollectionViewFlowLayout.m */ = {isa = PBXFileReference; fileEncoding = 4; lastKnownFileType = sourcecode.c.objc; path = JWCollectionViewFlowLayout.m; sourceTree = "<group>"; };
		08E14A011C7DE6F5001F2304 /* 1.jpg */ = {isa = PBXFileReference; lastKnownFileType = image.jpeg; path = 1.jpg; sourceTree = "<group>"; };
		08E14A021C7DE6F5001F2304 /* 2.jpg */ = {isa = PBXFileReference; lastKnownFileType = image.jpeg; path = 2.jpg; sourceTree = "<group>"; };
		08E14A031C7DE6F5001F2304 /* 3.jpg */ = {isa = PBXFileReference; lastKnownFileType = image.jpeg; path = 3.jpg; sourceTree = "<group>"; };
		08E14A041C7DE6F5001F2304 /* 4.jpg */ = {isa = PBXFileReference; lastKnownFileType = image.jpeg; path = 4.jpg; sourceTree = "<group>"; };
		08E14A051C7DE6F5001F2304 /* 5.jpg */ = {isa = PBXFileReference; lastKnownFileType = image.jpeg; path = 5.jpg; sourceTree = "<group>"; };
		08E14A061C7DE6F5001F2304 /* 6.jpg */ = {isa = PBXFileReference; lastKnownFileType = image.jpeg; path = 6.jpg; sourceTree = "<group>"; };
		08E14A071C7DE6F5001F2304 /* 7.jpg */ = {isa = PBXFileReference; lastKnownFileType = image.jpeg; path = 7.jpg; sourceTree = "<group>"; };
		08E14A081C7DE6F5001F2304 /* 8.jpg */ = {isa = PBXFileReference; lastKnownFileType = image.jpeg; path = 8.jpg; sourceTree = "<group>"; };
		08E14A091C7DE6F5001F2304 /* 9.jpg */ = {isa = PBXFileReference; lastKnownFileType = image.jpeg; path = 9.jpg; sourceTree = "<group>"; };
		08E14A0A1C7DE6F5001F2304 /* 10.jpg */ = {isa = PBXFileReference; lastKnownFileType = image.jpeg; path = 10.jpg; sourceTree = "<group>"; };
		08E14A0B1C7DE6F5001F2304 /* 11.jpg */ = {isa = PBXFileReference; lastKnownFileType = image.jpeg; path = 11.jpg; sourceTree = "<group>"; };
		08E14A0C1C7DE6F5001F2304 /* 12.jpg */ = {isa = PBXFileReference; lastKnownFileType = image.jpeg; path = 12.jpg; sourceTree = "<group>"; };
		08E14A0D1C7DE6F5001F2304 /* 13.jpg */ = {isa = PBXFileReference; lastKnownFileType = image.jpeg; path = 13.jpg; sourceTree = "<group>"; };
		08E14A0E1C7DE6F5001F2304 /* 14.jpg */ = {isa = PBXFileReference; lastKnownFileType = image.jpeg; path = 14.jpg; sourceTree = "<group>"; };
		08E14A1D1C7DE75D001F2304 /* CustumCollectionViewCell.h */ = {isa = PBXFileReference; fileEncoding = 4; lastKnownFileType = sourcecode.c.h; path = CustumCollectionViewCell.h; sourceTree = "<group>"; };
		08E14A1E1C7DE75D001F2304 /* CustumCollectionViewCell.m */ = {isa = PBXFileReference; fileEncoding = 4; lastKnownFileType = sourcecode.c.objc; path = CustumCollectionViewCell.m; sourceTree = "<group>"; };
		08E14A1F1C7DE75D001F2304 /* CustumCollectionViewCell.xib */ = {isa = PBXFileReference; fileEncoding = 4; lastKnownFileType = file.xib; path = CustumCollectionViewCell.xib; sourceTree = "<group>"; };
/* End PBXFileReference section */

/* Begin PBXFrameworksBuildPhase section */
		08E149C41C7DE376001F2304 /* Frameworks */ = {
			isa = PBXFrameworksBuildPhase;
			buildActionMask = 2147483647;
			files = (
			);
			runOnlyForDeploymentPostprocessing = 0;
		};
		08E149DD1C7DE376001F2304 /* Frameworks */ = {
			isa = PBXFrameworksBuildPhase;
			buildActionMask = 2147483647;
			files = (
			);
			runOnlyForDeploymentPostprocessing = 0;
		};
		08E149E81C7DE376001F2304 /* Frameworks */ = {
			isa = PBXFrameworksBuildPhase;
			buildActionMask = 2147483647;
			files = (
			);
			runOnlyForDeploymentPostprocessing = 0;
		};
/* End PBXFrameworksBuildPhase section */

/* Begin PBXGroup section */
		08E149BE1C7DE376001F2304 = {
			isa = PBXGroup;
			children = (
				08E149C91C7DE376001F2304 /* JWImageBrowseDemo */,
				08E149E31C7DE376001F2304 /* JWImageBrowseDemoTests */,
				08E149EE1C7DE376001F2304 /* JWImageBrowseDemoUITests */,
				08E149C81C7DE376001F2304 /* Products */,
			);
			sourceTree = "<group>";
		};
		08E149C81C7DE376001F2304 /* Products */ = {
			isa = PBXGroup;
			children = (
				08E149C71C7DE376001F2304 /* JWImageBrowseDemo.app */,
				08E149E01C7DE376001F2304 /* JWImageBrowseDemoTests.xctest */,
				08E149EB1C7DE376001F2304 /* JWImageBrowseDemoUITests.xctest */,
			);
			name = Products;
			sourceTree = "<group>";
		};
		08E149C91C7DE376001F2304 /* JWImageBrowseDemo */ = {
			isa = PBXGroup;
			children = (
				08E14A001C7DE6E7001F2304 /* img */,
				08E149FD1C7DE3B7001F2304 /* JWCollectionViewFlowLayout.h */,
				08E149FE1C7DE3B7001F2304 /* JWCollectionViewFlowLayout.m */,
				08E14A1D1C7DE75D001F2304 /* CustumCollectionViewCell.h */,
				08E14A1E1C7DE75D001F2304 /* CustumCollectionViewCell.m */,
				08E14A1F1C7DE75D001F2304 /* CustumCollectionViewCell.xib */,
				08E149CD1C7DE376001F2304 /* AppDelegate.h */,
				08E149CE1C7DE376001F2304 /* AppDelegate.m */,
				08E149D01C7DE376001F2304 /* ViewController.h */,
				08E149D11C7DE376001F2304 /* ViewController.m */,
				08E149D31C7DE376001F2304 /* Main.storyboard */,
				08E149D61C7DE376001F2304 /* Assets.xcassets */,
				08E149D81C7DE376001F2304 /* LaunchScreen.storyboard */,
				08E149DB1C7DE376001F2304 /* Info.plist */,
				08E149CA1C7DE376001F2304 /* Supporting Files */,
			);
			path = JWImageBrowseDemo;
			sourceTree = "<group>";
		};
		08E149CA1C7DE376001F2304 /* Supporting Files */ = {
			isa = PBXGroup;
			children = (
				08E149CB1C7DE376001F2304 /* main.m */,
			);
			name = "Supporting Files";
			sourceTree = "<group>";
		};
		08E149E31C7DE376001F2304 /* JWImageBrowseDemoTests */ = {
			isa = PBXGroup;
			children = (
				08E149E41C7DE376001F2304 /* JWImageBrowseDemoTests.m */,
				08E149E61C7DE376001F2304 /* Info.plist */,
			);
			path = JWImageBrowseDemoTests;
			sourceTree = "<group>";
		};
		08E149EE1C7DE376001F2304 /* JWImageBrowseDemoUITests */ = {
			isa = PBXGroup;
			children = (
				08E149EF1C7DE376001F2304 /* JWImageBrowseDemoUITests.m */,
				08E149F11C7DE376001F2304 /* Info.plist */,
			);
			path = JWImageBrowseDemoUITests;
			sourceTree = "<group>";
		};
		08E14A001C7DE6E7001F2304 /* img */ = {
			isa = PBXGroup;
			children = (
				08E14A011C7DE6F5001F2304 /* 1.jpg */,
				08E14A021C7DE6F5001F2304 /* 2.jpg */,
				08E14A031C7DE6F5001F2304 /* 3.jpg */,
				08E14A041C7DE6F5001F2304 /* 4.jpg */,
				08E14A051C7DE6F5001F2304 /* 5.jpg */,
				08E14A061C7DE6F5001F2304 /* 6.jpg */,
				08E14A071C7DE6F5001F2304 /* 7.jpg */,
				08E14A081C7DE6F5001F2304 /* 8.jpg */,
				08E14A091C7DE6F5001F2304 /* 9.jpg */,
				08E14A0A1C7DE6F5001F2304 /* 10.jpg */,
				08E14A0B1C7DE6F5001F2304 /* 11.jpg */,
				08E14A0C1C7DE6F5001F2304 /* 12.jpg */,
				08E14A0D1C7DE6F5001F2304 /* 13.jpg */,
				08E14A0E1C7DE6F5001F2304 /* 14.jpg */,
			);
			name = img;
			sourceTree = "<group>";
		};
/* End PBXGroup section */

/* Begin PBXNativeTarget section */
		08E149C61C7DE376001F2304 /* JWImageBrowseDemo */ = {
			isa = PBXNativeTarget;
			buildConfigurationList = 08E149F41C7DE376001F2304 /* Build configuration list for PBXNativeTarget "JWImageBrowseDemo" */;
			buildPhases = (
				08E149C31C7DE376001F2304 /* Sources */,
				08E149C41C7DE376001F2304 /* Frameworks */,
				08E149C51C7DE376001F2304 /* Resources */,
			);
			buildRules = (
			);
			dependencies = (
			);
			name = JWImageBrowseDemo;
			productName = JWImageBrowseDemo;
			productReference = 08E149C71C7DE376001F2304 /* JWImageBrowseDemo.app */;
			productType = "com.apple.product-type.application";
		};
		08E149DF1C7DE376001F2304 /* JWImageBrowseDemoTests */ = {
			isa = PBXNativeTarget;
			buildConfigurationList = 08E149F71C7DE376001F2304 /* Build configuration list for PBXNativeTarget "JWImageBrowseDemoTests" */;
			buildPhases = (
				08E149DC1C7DE376001F2304 /* Sources */,
				08E149DD1C7DE376001F2304 /* Frameworks */,
				08E149DE1C7DE376001F2304 /* Resources */,
			);
			buildRules = (
			);
			dependencies = (
				08E149E21C7DE376001F2304 /* PBXTargetDependency */,
			);
			name = JWImageBrowseDemoTests;
			productName = JWImageBrowseDemoTests;
			productReference = 08E149E01C7DE376001F2304 /* JWImageBrowseDemoTests.xctest */;
			productType = "com.apple.product-type.bundle.unit-test";
		};
		08E149EA1C7DE376001F2304 /* JWImageBrowseDemoUITests */ = {
			isa = PBXNativeTarget;
			buildConfigurationList = 08E149FA1C7DE376001F2304 /* Build configuration list for PBXNativeTarget "JWImageBrowseDemoUITests" */;
			buildPhases = (
				08E149E71C7DE376001F2304 /* Sources */,
				08E149E81C7DE376001F2304 /* Frameworks */,
				08E149E91C7DE376001F2304 /* Resources */,
			);
			buildRules = (
			);
			dependencies = (
				08E149ED1C7DE376001F2304 /* PBXTargetDependency */,
			);
			name = JWImageBrowseDemoUITests;
			productName = JWImageBrowseDemoUITests;
			productReference = 08E149EB1C7DE376001F2304 /* JWImageBrowseDemoUITests.xctest */;
			productType = "com.apple.product-type.bundle.ui-testing";
		};
/* End PBXNativeTarget section */

/* Begin PBXProject section */
		08E149BF1C7DE376001F2304 /* Project object */ = {
			isa = PBXProject;
			attributes = {
				LastUpgradeCheck = 0720;
				ORGANIZATIONNAME = jiangtd;
				TargetAttributes = {
					08E149C61C7DE376001F2304 = {
						CreatedOnToolsVersion = 7.2.1;
					};
					08E149DF1C7DE376001F2304 = {
						CreatedOnToolsVersion = 7.2.1;
						TestTargetID = 08E149C61C7DE376001F2304;
					};
					08E149EA1C7DE376001F2304 = {
						CreatedOnToolsVersion = 7.2.1;
						TestTargetID = 08E149C61C7DE376001F2304;
					};
				};
			};
			buildConfigurationList = 08E149C21C7DE376001F2304 /* Build configuration list for PBXProject "JWImageBrowseDemo" */;
			compatibilityVersion = "Xcode 3.2";
			developmentRegion = English;
			hasScannedForEncodings = 0;
			knownRegions = (
				en,
				Base,
			);
			mainGroup = 08E149BE1C7DE376001F2304;
			productRefGroup = 08E149C81C7DE376001F2304 /* Products */;
			projectDirPath = "";
			projectRoot = "";
			targets = (
				08E149C61C7DE376001F2304 /* JWImageBrowseDemo */,
				08E149DF1C7DE376001F2304 /* JWImageBrowseDemoTests */,
				08E149EA1C7DE376001F2304 /* JWImageBrowseDemoUITests */,
			);
		};
/* End PBXProject section */

/* Begin PBXResourcesBuildPhase section */
		08E149C51C7DE376001F2304 /* Resources */ = {
			isa = PBXResourcesBuildPhase;
			buildActionMask = 2147483647;
			files = (
				08E14A181C7DE6F5001F2304 /* 10.jpg in Resources */,
				08E14A161C7DE6F5001F2304 /* 8.jpg in Resources */,
				08E14A141C7DE6F5001F2304 /* 6.jpg in Resources */,
				08E149DA1C7DE376001F2304 /* LaunchScreen.storyboard in Resources */,
				08E14A131C7DE6F5001F2304 /* 5.jpg in Resources */,
				08E14A1A1C7DE6F5001F2304 /* 12.jpg in Resources */,
				08E14A191C7DE6F5001F2304 /* 11.jpg in Resources */,
				08E14A121C7DE6F5001F2304 /* 4.jpg in Resources */,
				08E14A1C1C7DE6F5001F2304 /* 14.jpg in Resources */,
				08E14A0F1C7DE6F5001F2304 /* 1.jpg in Resources */,
				08E14A1B1C7DE6F5001F2304 /* 13.jpg in Resources */,
				08E14A211C7DE75D001F2304 /* CustumCollectionViewCell.xib in Resources */,
				08E14A101C7DE6F5001F2304 /* 2.jpg in Resources */,
				08E14A111C7DE6F5001F2304 /* 3.jpg in Resources */,
				08E14A151C7DE6F5001F2304 /* 7.jpg in Resources */,
				08E14A171C7DE6F5001F2304 /* 9.jpg in Resources */,
				08E149D71C7DE376001F2304 /* Assets.xcassets in Resources */,
				08E149D51C7DE376001F2304 /* Main.storyboard in Resources */,
			);
			runOnlyForDeploymentPostprocessing = 0;
		};
		08E149DE1C7DE376001F2304 /* Resources */ = {
			isa = PBXResourcesBuildPhase;
			buildActionMask = 2147483647;
			files = (
			);
			runOnlyForDeploymentPostprocessing = 0;
		};
		08E149E91C7DE376001F2304 /* Resources */ = {
			isa = PBXResourcesBuildPhase;
			buildActionMask = 2147483647;
			files = (
			);
			runOnlyForDeploymentPostprocessing = 0;
		};
/* End PBXResourcesBuildPhase section */

/* Begin PBXSourcesBuildPhase section */
		08E149C31C7DE376001F2304 /* Sources */ = {
			isa = PBXSourcesBuildPhase;
			buildActionMask = 2147483647;
			files = (
				08E149D21C7DE376001F2304 /* ViewController.m in Sources */,
				08E149FF1C7DE3B7001F2304 /* JWCollectionViewFlowLayout.m in Sources */,
				08E149CF1C7DE376001F2304 /* AppDelegate.m in Sources */,
				08E14A201C7DE75D001F2304 /* CustumCollectionViewCell.m in Sources */,
				08E149CC1C7DE376001F2304 /* main.m in Sources */,
			);
			runOnlyForDeploymentPostprocessing = 0;
		};
		08E149DC1C7DE376001F2304 /* Sources */ = {
			isa = PBXSourcesBuildPhase;
			buildActionMask = 2147483647;
			files = (
				08E149E51C7DE376001F2304 /* JWImageBrowseDemoTests.m in Sources */,
			);
			runOnlyForDeploymentPostprocessing = 0;
		};
		08E149E71C7DE376001F2304 /* Sources */ = {
			isa = PBXSourcesBuildPhase;
			buildActionMask = 2147483647;
			files = (
				08E149F01C7DE376001F2304 /* JWImageBrowseDemoUITests.m in Sources */,
			);
			runOnlyForDeploymentPostprocessing = 0;
		};
/* End PBXSourcesBuildPhase section */

/* Begin PBXTargetDependency section */
		08E149E21C7DE376001F2304 /* PBXTargetDependency */ = {
			isa = PBXTargetDependency;
			target = 08E149C61C7DE376001F2304 /* JWImageBrowseDemo */;
			targetProxy = 08E149E11C7DE376001F2304 /* PBXContainerItemProxy */;
		};
		08E149ED1C7DE376001F2304 /* PBXTargetDependency */ = {
			isa = PBXTargetDependency;
			target = 08E149C61C7DE376001F2304 /* JWImageBrowseDemo */;
			targetProxy = 08E149EC1C7DE376001F2304 /* PBXContainerItemProxy */;
		};
/* End PBXTargetDependency section */

/* Begin PBXVariantGroup section */
		08E149D31C7DE376001F2304 /* Main.storyboard */ = {
			isa = PBXVariantGroup;
			children = (
				08E149D41C7DE376001F2304 /* Base */,
			);
			name = Main.storyboard;
			sourceTree = "<group>";
		};
		08E149D81C7DE376001F2304 /* LaunchScreen.storyboard */ = {
			isa = PBXVariantGroup;
			children = (
				08E149D91C7DE376001F2304 /* Base */,
			);
			name = LaunchScreen.storyboard;
			sourceTree = "<group>";
		};
/* End PBXVariantGroup section */

/* Begin XCBuildConfiguration section */
		08E149F21C7DE376001F2304 /* Debug */ = {
			isa = XCBuildConfiguration;
			buildSettings = {
				ALWAYS_SEARCH_USER_PATHS = NO;
				CLANG_CXX_LANGUAGE_STANDARD = "gnu++0x";
				CLANG_CXX_LIBRARY = "libc++";
				CLANG_ENABLE_MODULES = YES;
				CLANG_ENABLE_OBJC_ARC = YES;
				CLANG_WARN_BOOL_CONVERSION = YES;
				CLANG_WARN_CONSTANT_CONVERSION = YES;
				CLANG_WARN_DIRECT_OBJC_ISA_USAGE = YES_ERROR;
				CLANG_WARN_EMPTY_BODY = YES;
				CLANG_WARN_ENUM_CONVERSION = YES;
				CLANG_WARN_INT_CONVERSION = YES;
				CLANG_WARN_OBJC_ROOT_CLASS = YES_ERROR;
				CLANG_WARN_UNREACHABLE_CODE = YES;
				CLANG_WARN__DUPLICATE_METHOD_MATCH = YES;
				"CODE_SIGN_IDENTITY[sdk=iphoneos*]" = "iPhone Developer";
				COPY_PHASE_STRIP = NO;
				DEBUG_INFORMATION_FORMAT = dwarf;
				ENABLE_STRICT_OBJC_MSGSEND = YES;
				ENABLE_TESTABILITY = YES;
				GCC_C_LANGUAGE_STANDARD = gnu99;
				GCC_DYNAMIC_NO_PIC = NO;
				GCC_NO_COMMON_BLOCKS = YES;
				GCC_OPTIMIZATION_LEVEL = 0;
				GCC_PREPROCESSOR_DEFINITIONS = (
					"DEBUG=1",
					"$(inherited)",
				);
				GCC_WARN_64_TO_32_BIT_CONVERSION = YES;
				GCC_WARN_ABOUT_RETURN_TYPE = YES_ERROR;
				GCC_WARN_UNDECLARED_SELECTOR = YES;
				GCC_WARN_UNINITIALIZED_AUTOS = YES_AGGRESSIVE;
				GCC_WARN_UNUSED_FUNCTION = YES;
				GCC_WARN_UNUSED_VARIABLE = YES;
				IPHONEOS_DEPLOYMENT_TARGET = 9.2;
				MTL_ENABLE_DEBUG_INFO = YES;
				ONLY_ACTIVE_ARCH = YES;
				SDKROOT = iphoneos;
			};
			name = Debug;
		};
		08E149F31C7DE376001F2304 /* Release */ = {
			isa = XCBuildConfiguration;
			buildSettings = {
				ALWAYS_SEARCH_USER_PATHS = NO;
				CLANG_CXX_LANGUAGE_STANDARD = "gnu++0x";
				CLANG_CXX_LIBRARY = "libc++";
				CLANG_ENABLE_MODULES = YES;
				CLANG_ENABLE_OBJC_ARC = YES;
				CLANG_WARN_BOOL_CONVERSION = YES;
				CLANG_WARN_CONSTANT_CONVERSION = YES;
				CLANG_WARN_DIRECT_OBJC_ISA_USAGE = YES_ERROR;
				CLANG_WARN_EMPTY_BODY = YES;
				CLANG_WARN_ENUM_CONVERSION = YES;
				CLANG_WARN_INT_CONVERSION = YES;
				CLANG_WARN_OBJC_ROOT_CLASS = YES_ERROR;
				CLANG_WARN_UNREACHABLE_CODE = YES;
				CLANG_WARN__DUPLICATE_METHOD_MATCH = YES;
				"CODE_SIGN_IDENTITY[sdk=iphoneos*]" = "iPhone Developer";
				COPY_PHASE_STRIP = NO;
				DEBUG_INFORMATION_FORMAT = "dwarf-with-dsym";
				ENABLE_NS_ASSERTIONS = NO;
				ENABLE_STRICT_OBJC_MSGSEND = YES;
				GCC_C_LANGUAGE_STANDARD = gnu99;
				GCC_NO_COMMON_BLOCKS = YES;
				GCC_WARN_64_TO_32_BIT_CONVERSION = YES;
				GCC_WARN_ABOUT_RETURN_TYPE = YES_ERROR;
				GCC_WARN_UNDECLARED_SELECTOR = YES;
				GCC_WARN_UNINITIALIZED_AUTOS = YES_AGGRESSIVE;
				GCC_WARN_UNUSED_FUNCTION = YES;
				GCC_WARN_UNUSED_VARIABLE = YES;
				IPHONEOS_DEPLOYMENT_TARGET = 9.2;
				MTL_ENABLE_DEBUG_INFO = NO;
				SDKROOT = iphoneos;
				VALIDATE_PRODUCT = YES;
			};
			name = Release;
		};
		08E149F51C7DE376001F2304 /* Debug */ = {
			isa = XCBuildConfiguration;
			buildSettings = {
				ASSETCATALOG_COMPILER_APPICON_NAME = AppIcon;
				INFOPLIST_FILE = JWImageBrowseDemo/Info.plist;
				LD_RUNPATH_SEARCH_PATHS = "$(inherited) @executable_path/Frameworks";
				PRODUCT_BUNDLE_IDENTIFIER = j.t.d.JWImageBrowseDemo;
				PRODUCT_NAME = "$(TARGET_NAME)";
			};
			name = Debug;
		};
		08E149F61C7DE376001F2304 /* Release */ = {
			isa = XCBuildConfiguration;
			buildSettings = {
				ASSETCATALOG_COMPILER_APPICON_NAME = AppIcon;
				INFOPLIST_FILE = JWImageBrowseDemo/Info.plist;
				LD_RUNPATH_SEARCH_PATHS = "$(inherited) @executable_path/Frameworks";
				PRODUCT_BUNDLE_IDENTIFIER = j.t.d.JWImageBrowseDemo;
				PRODUCT_NAME = "$(TARGET_NAME)";
			};
			name = Release;
		};
		08E149F81C7DE376001F2304 /* Debug */ = {
			isa = XCBuildConfiguration;
			buildSettings = {
				BUNDLE_LOADER = "$(TEST_HOST)";
				INFOPLIST_FILE = JWImageBrowseDemoTests/Info.plist;
				LD_RUNPATH_SEARCH_PATHS = "$(inherited) @executable_path/Frameworks @loader_path/Frameworks";
				PRODUCT_BUNDLE_IDENTIFIER = j.t.d.JWImageBrowseDemoTests;
				PRODUCT_NAME = "$(TARGET_NAME)";
				TEST_HOST = "$(BUILT_PRODUCTS_DIR)/JWImageBrowseDemo.app/JWImageBrowseDemo";
			};
			name = Debug;
		};
		08E149F91C7DE376001F2304 /* Release */ = {
			isa = XCBuildConfiguration;
			buildSettings = {
				BUNDLE_LOADER = "$(TEST_HOST)";
				INFOPLIST_FILE = JWImageBrowseDemoTests/Info.plist;
				LD_RUNPATH_SEARCH_PATHS = "$(inherited) @executable_path/Frameworks @loader_path/Frameworks";
				PRODUCT_BUNDLE_IDENTIFIER = j.t.d.JWImageBrowseDemoTests;
				PRODUCT_NAME = "$(TARGET_NAME)";
				TEST_HOST = "$(BUILT_PRODUCTS_DIR)/JWImageBrowseDemo.app/JWImageBrowseDemo";
			};
			name = Release;
		};
		08E149FB1C7DE376001F2304 /* Debug */ = {
			isa = XCBuildConfiguration;
			buildSettings = {
				INFOPLIST_FILE = JWImageBrowseDemoUITests/Info.plist;
				LD_RUNPATH_SEARCH_PATHS = "$(inherited) @executable_path/Frameworks @loader_path/Frameworks";
				PRODUCT_BUNDLE_IDENTIFIER = j.t.d.JWImageBrowseDemoUITests;
				PRODUCT_NAME = "$(TARGET_NAME)";
				TEST_TARGET_NAME = JWImageBrowseDemo;
				USES_XCTRUNNER = YES;
			};
			name = Debug;
		};
		08E149FC1C7DE376001F2304 /* Release */ = {
			isa = XCBuildConfiguration;
			buildSettings = {
				INFOPLIST_FILE = JWImageBrowseDemoUITests/Info.plist;
				LD_RUNPATH_SEARCH_PATHS = "$(inherited) @executable_path/Frameworks @loader_path/Frameworks";
				PRODUCT_BUNDLE_IDENTIFIER = j.t.d.JWImageBrowseDemoUITests;
				PRODUCT_NAME = "$(TARGET_NAME)";
				TEST_TARGET_NAME = JWImageBrowseDemo;
				USES_XCTRUNNER = YES;
			};
			name = Release;
		};
/* End XCBuildConfiguration section */

/* Begin XCConfigurationList section */
		08E149C21C7DE376001F2304 /* Build configuration list for PBXProject "JWImageBrowseDemo" */ = {
			isa = XCConfigurationList;
			buildConfigurations = (
				08E149F21C7DE376001F2304 /* Debug */,
				08E149F31C7DE376001F2304 /* Release */,
			);
			defaultConfigurationIsVisible = 0;
			defaultConfigurationName = Release;
		};
		08E149F41C7DE376001F2304 /* Build configuration list for PBXNativeTarget "JWImageBrowseDemo" */ = {
			isa = XCConfigurationList;
			buildConfigurations = (
				08E149F51C7DE376001F2304 /* Debug */,
				08E149F61C7DE376001F2304 /* Release */,
			);
			defaultConfigurationIsVisible = 0;
		};
		08E149F71C7DE376001F2304 /* Build configuration list for PBXNativeTarget "JWImageBrowseDemoTests" */ = {
			isa = XCConfigurationList;
			buildConfigurations = (
				08E149F81C7DE376001F2304 /* Debug */,
				08E149F91C7DE376001F2304 /* Release */,
			);
			defaultConfigurationIsVisible = 0;
		};
		08E149FA1C7DE376001F2304 /* Build configuration list for PBXNativeTarget "JWImageBrowseDemoUITests" */ = {
			isa = XCConfigurationList;
			buildConfigurations = (
				08E149FB1C7DE376001F2304 /* Debug */,
				08E149FC1C7DE376001F2304 /* Release */,
			);
			defaultConfigurationIsVisible = 0;
		};
/* End XCConfigurationList section */
	};
	rootObject = 08E149BF1C7DE376001F2304 /* Project object */;
}
